
Microsoft Visual Studio Solution File, Format Version 12.00
# Visual Studio Version 17
VisualStudioVersion = 17.14.37411.7 d17.14
MinimumVisualStudioVersion = 10.0.40219.1
Project("{FAE04EC0-301F-11D3-BF4B-00C04F79EFBC}") = "SistemaNotificacoes.API", "SistemaNotificacoes.API\SistemaNotificacoes.API.csproj", "{A36A7F4B-7495-4393-A0B9-25278044BA3C}"
EndProject
Project("{FAE04EC0-301F-11D3-BF4B-00C04F79EFBC}") = "SistemaNotificacoes.Worker", "SistemaNotificacoes.Worker\SistemaNotificacoes.Worker.csproj", "{C276D1C0-DF8E-4855-982E-4FEFCB0BEDEE}"
EndProject
Global
	GlobalSection(SolutionConfigurationPlatforms) = preSolution
		Debug|Any CPU = Debug|Any CPU
		Release|Any CPU = Release|Any CPU
	EndGlobalSection
	GlobalSection(ProjectConfigurationPlatforms) = postSolution
		{A36A7F4B-7495-4393-A0B9-25278044BA3C}.Debug|Any CPU.ActiveCfg = Debug|Any CPU
		{A36A7F4B-7495-4393-A0B9-25278044BA3C}.Debug|Any CPU.Build.0 = Debug|Any CPU
		{A36A7F4B-7495-4393-A0B9-25278044BA3C}.Release|Any CPU.ActiveCfg = Release|Any CPU
		{A36A7F4B-7495-4393-A0B9-25278044BA3C}.Release|Any CPU.Build.0 = Release|Any CPU
		{C276D1C0-DF8E-4855-982E-4FEFCB0BEDEE}.Debug|Any CPU.ActiveCfg = Debug|Any CPU
		{C276D1C0-DF8E-4855-982E-4FEFCB0BEDEE}.Debug|Any CPU.Build.0 = Debug|Any CPU
		{C276D1C0-DF8E-4855-982E-4FEFCB0BEDEE}.Release|Any CPU.ActiveCfg = Release|Any CPU
		{C276D1C0-DF8E-4855-982E-4FEFCB0BEDEE}.Release|Any CPU.Build.0 = Release|Any CPU
	EndGlobalSection
	GlobalSection(SolutionProperties) = preSolution
		HideSolutionNode = FALSE
	EndGlobalSection
	GlobalSection(ExtensibilityGlobals) = postSolution
		SolutionGuid = {6E0A7064-9D2A-45D2-91D9-14FBF7F2B4AB}
	EndGlobalSection
EndGlobal
